{
  "name": "syook",
  "version": "1.0.0",
  "lockfileVersion": 1,
  "requires": true,
  "dependencies": {
    "kalmanjs": {
      "version": "1.0.0-beta",
      "resolved": "https://registry.npmjs.org/kalmanjs/-/kalmanjs-1.0.0-beta.tgz",
      "integrity": "sha1-7j3lUat+9jlhWQSqwvURh2T/uII="
    }
  }
}
